
Microsoft Visual Studio Solution File, Format Version 12.00
# Visual Studio 15
VisualStudioVersion = 15.0.28307.168
MinimumVisualStudioVersion = 10.0.40219.1
Project("{FAE04EC0-301F-11D3-BF4B-00C04F79EFBC}") = "DesktopApp1", "DesktopApp1\DesktopApp1.csproj", "{737C15D2-7583-4D83-BFBC-1DB2FB203F76}"
EndProject
Global
	GlobalSection(SolutionConfigurationPlatforms) = preSolution
		Debug|Any CPU = Debug|Any CPU
		Release|Any CPU = Release|Any CPU
	EndGlobalSection
	GlobalSection(ProjectConfigurationPlatforms) = postSolution
		{737C15D2-7583-4D83-BFBC-1DB2FB203F76}.Debug|Any CPU.ActiveCfg = Debug|Any CPU
		{737C15D2-7583-4D83-BFBC-1DB2FB203F76}.Debug|Any CPU.Build.0 = Debug|Any CPU
		{737C15D2-7583-4D83-BFBC-1DB2FB203F76}.Release|Any CPU.ActiveCfg = Release|Any CPU
		{737C15D2-7583-4D83-BFBC-1DB2FB203F76}.Release|Any CPU.Build.0 = Release|Any CPU
	EndGlobalSection
	GlobalSection(SolutionProperties) = preSolution
		HideSolutionNode = FALSE
	EndGlobalSection
	GlobalSection(ExtensibilityGlobals) = postSolution
		SolutionGuid = {B8287B61-BED6-42BB-9C8D-2AE0FEC137A3}
	EndGlobalSection
EndGlobal
